# This file was autogenerated by Stack.
# You should not edit this file by hand.
# For more information, please see the documentation at:
#   https://docs.haskellstack.org/en/stable/lock_files

packages:
- completed:
    hackage: yeshql-postgresql-simple-4.1.0.2@sha256:7590d65f9d22ef0b4d6daba62cd5a6f8daddd9eadff18d6ef39871d3123c005c,1680
    pantry-tree:
      size: 539
      sha256: 5521e405fc104f4a6502f6824942bd498ff0777c10223c1297e941713de1041d
  original:
    hackage: yeshql-postgresql-simple-4.1.0.2
snapshots:
- completed:
    size: 565720
    url: https://raw.githubusercontent.com/commercialhaskell/stackage-snapshots/master/lts/17/8.yaml
    sha256: 76bf8992ff8dfe6eda9c02f81866138c2369344d5011ab39ae403457c4448b03
  original: lts-17.8
